
Microsoft Visual Studio Solution File, Format Version 12.00
# Visual Studio Version 16
VisualStudioVersion = 16.0.30011.22
MinimumVisualStudioVersion = 10.0.40219.1
Project("{FAE04EC0-301F-11D3-BF4B-00C04F79EFBC}") = "Taller", "Taller\Taller.csproj", "{B8C28717-FD24-4375-B95D-C4B18BACD600}"
EndProject
Project("{FAE04EC0-301F-11D3-BF4B-00C04F79EFBC}") = "BEUTaller", "BEUTaller\BEUTaller.csproj", "{2EB61EFB-AC35-449D-B9E0-11A509D3A64A}"
EndProject
Global
	GlobalSection(SolutionConfigurationPlatforms) = preSolution
		Debug|Any CPU = Debug|Any CPU
		Release|Any CPU = Release|Any CPU
	EndGlobalSection
	GlobalSection(ProjectConfigurationPlatforms) = postSolution
		{B8C28717-FD24-4375-B95D-C4B18BACD600}.Debug|Any CPU.ActiveCfg = Debug|Any CPU
		{B8C28717-FD24-4375-B95D-C4B18BACD600}.Debug|Any CPU.Build.0 = Debug|Any CPU
		{B8C28717-FD24-4375-B95D-C4B18BACD600}.Release|Any CPU.ActiveCfg = Release|Any CPU
		{B8C28717-FD24-4375-B95D-C4B18BACD600}.Release|Any CPU.Build.0 = Release|Any CPU
		{2EB61EFB-AC35-449D-B9E0-11A509D3A64A}.Debug|Any CPU.ActiveCfg = Debug|Any CPU
		{2EB61EFB-AC35-449D-B9E0-11A509D3A64A}.Debug|Any CPU.Build.0 = Debug|Any CPU
		{2EB61EFB-AC35-449D-B9E0-11A509D3A64A}.Release|Any CPU.ActiveCfg = Release|Any CPU
		{2EB61EFB-AC35-449D-B9E0-11A509D3A64A}.Release|Any CPU.Build.0 = Release|Any CPU
	EndGlobalSection
	GlobalSection(SolutionProperties) = preSolution
		HideSolutionNode = FALSE
	EndGlobalSection
	GlobalSection(ExtensibilityGlobals) = postSolution
		SolutionGuid = {EB0882EE-7E15-4D86-89AD-82AD0935F6CD}
	EndGlobalSection
EndGlobal
